
Microsoft Visual Studio Solution File, Format Version 12.00
# Visual Studio Version 16
VisualStudioVersion = 16.0.31321.278
MinimumVisualStudioVersion = 10.0.40219.1
Project("{FAE04EC0-301F-11D3-BF4B-00C04F79EFBC}") = "ScreenDrawDesktop", "ScreenDrawDesktop.csproj", "{DF276299-FD66-4409-9A9D-D6184982B12B}"
EndProject
Global
	GlobalSection(SolutionConfigurationPlatforms) = preSolution
		Debug|Any CPU = Debug|Any CPU
		Release|Any CPU = Release|Any CPU
	EndGlobalSection
	GlobalSection(ProjectConfigurationPlatforms) = postSolution
		{DF276299-FD66-4409-9A9D-D6184982B12B}.Debug|Any CPU.ActiveCfg = Debug|Any CPU
		{DF276299-FD66-4409-9A9D-D6184982B12B}.Debug|Any CPU.Build.0 = Debug|Any CPU
		{DF276299-FD66-4409-9A9D-D6184982B12B}.Release|Any CPU.ActiveCfg = Release|Any CPU
		{DF276299-FD66-4409-9A9D-D6184982B12B}.Release|Any CPU.Build.0 = Release|Any CPU
	EndGlobalSection
	GlobalSection(SolutionProperties) = preSolution
		HideSolutionNode = FALSE
	EndGlobalSection
	GlobalSection(ExtensibilityGlobals) = postSolution
		SolutionGuid = {E1E38939-739A-437E-B185-528233F9603A}
	EndGlobalSection
EndGlobal
